// !$*UTF8*$!
{
	archiveVersion = 1;
	classes = {
	};
	objectVersion = 48;
	objects = {

/* Begin PBXBuildFile section */
		85FFFE20208795AB0011B20F /* AppDelegate.swift in Sources */ = {isa = PBXBuildFile; fileRef = 85FFFE1F208795AB0011B20F /* AppDelegate.swift */; };
		85FFFE22208795AB0011B20F /* ViewController.swift in Sources */ = {isa = PBXBuildFile; fileRef = 85FFFE21208795AB0011B20F /* ViewController.swift */; };
		85FFFE25208795AB0011B20F /* Main.storyboard in Resources */ = {isa = PBXBuildFile; fileRef = 85FFFE23208795AB0011B20F /* Main.storyboard */; };
		85FFFE27208795AC0011B20F /* Assets.xcassets in Resources */ = {isa = PBXBuildFile; fileRef = 85FFFE26208795AC0011B20F /* Assets.xcassets */; };
		85FFFE2A208795AC0011B20F /* LaunchScreen.storyboard in Resources */ = {isa = PBXBuildFile; fileRef = 85FFFE28208795AC0011B20F /* LaunchScreen.storyboard */; };
		85FFFE32208799700011B20F /* TableController.swift in Sources */ = {isa = PBXBuildFile; fileRef = 85FFFE31208799700011B20F /* TableController.swift */; };
/* End PBXBuildFile section */

/* Begin PBXFileReference section */
		85FFFE1C208795AB0011B20F /* TODO List.app */ = {isa = PBXFileReference; explicitFileType = wrapper.application; includeInIndex = 0; path = "TODO List.app"; sourceTree = BUILT_PRODUCTS_DIR; };
		85FFFE1F208795AB0011B20F /* AppDelegate.swift */ = {isa = PBXFileReference; lastKnownFileType = sourcecode.swift; path = AppDelegate.swift; sourceTree = "<group>"; };
		85FFFE21208795AB0011B20F /* ViewController.swift */ = {isa = PBXFileReference; lastKnownFileType = sourcecode.swift; path = ViewController.swift; sourceTree = "<group>"; };
		85FFFE24208795AB0011B20F /* Base */ = {isa = PBXFileReference; lastKnownFileType = file.storyboard; name = Base; path = Base.lproj/Main.storyboard; sourceTree = "<group>"; };
		85FFFE26208795AC0011B20F /* Assets.xcassets */ = {isa = PBXFileReference; lastKnownFileType = folder.assetcatalog; path = Assets.xcassets; sourceTree = "<group>"; };
		85FFFE29208795AC0011B20F /* Base */ = {isa = PBXFileReference; lastKnownFileType = file.storyboard; name = Base; path = Base.lproj/LaunchScreen.storyboard; sourceTree = "<group>"; };
		85FFFE2B208795AC0011B20F /* Info.plist */ = {isa = PBXFileReference; lastKnownFileType = text.plist.xml; path = Info.plist; sourceTree = "<group>"; };
		85FFFE31208799700011B20F /* TableController.swift */ = {isa = PBXFileReference; lastKnownFileType = sourcecode.swift; path = TableController.swift; sourceTree = "<group>"; };
/* End PBXFileReference section */

/* Begin PBXFrameworksBuildPhase section */
		85FFFE19208795AB0011B20F /* Frameworks */ = {
			isa = PBXFrameworksBuildPhase;
			buildActionMask = 2147483647;
			files = (
			);
			runOnlyForDeploymentPostprocessing = 0;
		};
/* End PBXFrameworksBuildPhase section */

/* Begin PBXGroup section */
		85FFFE13208795AB0011B20F = {
			isa = PBXGroup;
			children = (
				85FFFE1E208795AB0011B20F /* TODO List */,
				85FFFE1D208795AB0011B20F /* Products */,
			);
			sourceTree = "<group>";
		};
		85FFFE1D208795AB0011B20F /* Products */ = {
			isa = PBXGroup;
			children = (
				85FFFE1C208795AB0011B20F /* TODO List.app */,
			);
			name = Products;
			sourceTree = "<group>";
		};
		85FFFE1E208795AB0011B20F /* TODO List */ = {
			isa = PBXGroup;
			children = (
				85FFFE1F208795AB0011B20F /* AppDelegate.swift */,
				85FFFE21208795AB0011B20F /* ViewController.swift */,
				85FFFE23208795AB0011B20F /* Main.storyboard */,
				85FFFE31208799700011B20F /* TableController.swift */,
				85FFFE26208795AC0011B20F /* Assets.xcassets */,
				85FFFE28208795AC0011B20F /* LaunchScreen.storyboard */,
				85FFFE2B208795AC0011B20F /* Info.plist */,
			);
			path = "TODO List";
			sourceTree = "<group>";
		};
/* End PBXGroup section */

/* Begin PBXNativeTarget section */
		85FFFE1B208795AB0011B20F /* TODO List */ = {
			isa = PBXNativeTarget;
			buildConfigurationList = 85FFFE2E208795AC0011B20F /* Build configuration list for PBXNativeTarget "TODO List" */;
			buildPhases = (
				85FFFE18208795AB0011B20F /* Sources */,
				85FFFE19208795AB0011B20F /* Frameworks */,
				85FFFE1A208795AB0011B20F /* Resources */,
			);
			buildRules = (
			);
			dependencies = (
			);
			name = "TODO List";
			productName = "TODO List";
			productReference = 85FFFE1C208795AB0011B20F /* TODO List.app */;
			productType = "com.apple.product-type.application";
		};
/* End PBXNativeTarget section */

/* Begin PBXProject section */
		85FFFE14208795AB0011B20F /* Project object */ = {
			isa = PBXProject;
			attributes = {
				LastSwiftUpdateCheck = 0920;
				LastUpgradeCheck = 0920;
				ORGANIZATIONNAME = a103;
				TargetAttributes = {
					85FFFE1B208795AB0011B20F = {
						CreatedOnToolsVersion = 9.2;
						ProvisioningStyle = Automatic;
					};
				};
			};
			buildConfigurationList = 85FFFE17208795AB0011B20F /* Build configuration list for PBXProject "TODO List" */;
			compatibilityVersion = "Xcode 8.0";
			developmentRegion = en;
			hasScannedForEncodings = 0;
			knownRegions = (
				en,
				Base,
			);
			mainGroup = 85FFFE13208795AB0011B20F;
			productRefGroup = 85FFFE1D208795AB0011B20F /* Products */;
			projectDirPath = "";
			projectRoot = "";
			targets = (
				85FFFE1B208795AB0011B20F /* TODO List */,
			);
		};
/* End PBXProject section */

/* Begin PBXResourcesBuildPhase section */
		85FFFE1A208795AB0011B20F /* Resources */ = {
			isa = PBXResourcesBuildPhase;
			buildActionMask = 2147483647;
			files = (
				85FFFE2A208795AC0011B20F /* LaunchScreen.storyboard in Resources */,
				85FFFE27208795AC0011B20F /* Assets.xcassets in Resources */,
				85FFFE25208795AB0011B20F /* Main.storyboard in Resources */,
			);
			runOnlyForDeploymentPostprocessing = 0;
		};
/* End PBXResourcesBuildPhase section */

/* Begin PBXSourcesBuildPhase section */
		85FFFE18208795AB0011B20F /* Sources */ = {
			isa = PBXSourcesBuildPhase;
			buildActionMask = 2147483647;
			files = (
				85FFFE32208799700011B20F /* TableController.swift in Sources */,
				85FFFE22208795AB0011B20F /* ViewController.swift in Sources */,
				85FFFE20208795AB0011B20F /* AppDelegate.swift in Sources */,
			);
			runOnlyForDeploymentPostprocessing = 0;
		};
/* End PBXSourcesBuildPhase section */

/* Begin PBXVariantGroup section */
		85FFFE23208795AB0011B20F /* Main.storyboard */ = {
			isa = PBXVariantGroup;
			children = (
				85FFFE24208795AB0011B20F /* Base */,
			);
			name = Main.storyboard;
			sourceTree = "<group>";
		};
		85FFFE28208795AC0011B20F /* LaunchScreen.storyboard */ = {
			isa = PBXVariantGroup;
			children = (
				85FFFE29208795AC0011B20F /* Base */,
			);
			name = LaunchScreen.storyboard;
			sourceTree = "<group>";
		};
/* End PBXVariantGroup section */

/* Begin XCBuildConfiguration section */
		85FFFE2C208795AC0011B20F /* Debug */ = {
			isa = XCBuildConfiguration;
			buildSettings = {
				ALWAYS_SEARCH_USER_PATHS = NO;
				CLANG_ANALYZER_NONNULL = YES;
				CLANG_ANALYZER_NUMBER_OBJECT_CONVERSION = YES_AGGRESSIVE;
				CLANG_CXX_LANGUAGE_STANDARD = "gnu++14";
				CLANG_CXX_LIBRARY = "libc++";
				CLANG_ENABLE_MODULES = YES;
				CLANG_ENABLE_OBJC_ARC = YES;
				CLANG_WARN_BLOCK_CAPTURE_AUTORELEASING = YES;
				CLANG_WARN_BOOL_CONVERSION = YES;
				CLANG_WARN_COMMA = YES;
				CLANG_WARN_CONSTANT_CONVERSION = YES;
				CLANG_WARN_DIRECT_OBJC_ISA_USAGE = YES_ERROR;
				CLANG_WARN_DOCUMENTATION_COMMENTS = YES;
				CLANG_WARN_EMPTY_BODY = YES;
				CLANG_WARN_ENUM_CONVERSION = YES;
				CLANG_WARN_INFINITE_RECURSION = YES;
				CLANG_WARN_INT_CONVERSION = YES;
				CLANG_WARN_NON_LITERAL_NULL_CONVERSION = YES;
				CLANG_WARN_OBJC_LITERAL_CONVERSION = YES;
				CLANG_WARN_OBJC_ROOT_CLASS = YES_ERROR;
				CLANG_WARN_RANGE_LOOP_ANALYSIS = YES;
				CLANG_WARN_STRICT_PROTOTYPES = YES;
				CLANG_WARN_SUSPICIOUS_MOVE = YES;
				CLANG_WARN_UNGUARDED_AVAILABILITY = YES_AGGRESSIVE;
				CLANG_WARN_UNREACHABLE_CODE = YES;
				CLANG_WARN__DUPLICATE_METHOD_MATCH = YES;
				CODE_SIGN_IDENTITY = "iPhone Developer";
				COPY_PHASE_STRIP = NO;
				DEBUG_INFORMATION_FORMAT = dwarf;
				ENABLE_STRICT_OBJC_MSGSEND = YES;
				ENABLE_TESTABILITY = YES;
				GCC_C_LANGUAGE_STANDARD = gnu11;
				GCC_DYNAMIC_NO_PIC = NO;
				GCC_NO_COMMON_BLOCKS = YES;
				GCC_OPTIMIZATION_LEVEL = 0;
				GCC_PREPROCESSOR_DEFINITIONS = (
					"DEBUG=1",
					"$(inherited)",
				);
				GCC_WARN_64_TO_32_BIT_CONVERSION = YES;
				GCC_WARN_ABOUT_RETURN_TYPE = YES_ERROR;
				GCC_WARN_UNDECLARED_SELECTOR = YES;
				GCC_WARN_UNINITIALIZED_AUTOS = YES_AGGRESSIVE;
				GCC_WARN_UNUSED_FUNCTION = YES;
				GCC_WARN_UNUSED_VARIABLE = YES;
				IPHONEOS_DEPLOYMENT_TARGET = 11.2;
				MTL_ENABLE_DEBUG_INFO = YES;
				ONLY_ACTIVE_ARCH = YES;
				SDKROOT = iphoneos;
				SWIFT_ACTIVE_COMPILATION_CONDITIONS = DEBUG;
				SWIFT_OPTIMIZATION_LEVEL = "-Onone";
			};
			name = Debug;
		};
		85FFFE2D208795AC0011B20F /* Release */ = {
			isa = XCBuildConfiguration;
			buildSettings = {
				ALWAYS_SEARCH_USER_PATHS = NO;
				CLANG_ANALYZER_NONNULL = YES;
				CLANG_ANALYZER_NUMBER_OBJECT_CONVERSION = YES_AGGRESSIVE;
				CLANG_CXX_LANGUAGE_STANDARD = "gnu++14";
				CLANG_CXX_LIBRARY = "libc++";
				CLANG_ENABLE_MODULES = YES;
				CLANG_ENABLE_OBJC_ARC = YES;
				CLANG_WARN_BLOCK_CAPTURE_AUTORELEASING = YES;
				CLANG_WARN_BOOL_CONVERSION = YES;
				CLANG_WARN_COMMA = YES;
				CLANG_WARN_CONSTANT_CONVERSION = YES;
				CLANG_WARN_DIRECT_OBJC_ISA_USAGE = YES_ERROR;
				CLANG_WARN_DOCUMENTATION_COMMENTS = YES;
				CLANG_WARN_EMPTY_BODY = YES;
				CLANG_WARN_ENUM_CONVERSION = YES;
				CLANG_WARN_INFINITE_RECURSION = YES;
				CLANG_WARN_INT_CONVERSION = YES;
				CLANG_WARN_NON_LITERAL_NULL_CONVERSION = YES;
				CLANG_WARN_OBJC_LITERAL_CONVERSION = YES;
				CLANG_WARN_OBJC_ROOT_CLASS = YES_ERROR;
				CLANG_WARN_RANGE_LOOP_ANALYSIS = YES;
				CLANG_WARN_STRICT_PROTOTYPES = YES;
				CLANG_WARN_SUSPICIOUS_MOVE = YES;
				CLANG_WARN_UNGUARDED_AVAILABILITY = YES_AGGRESSIVE;
				CLANG_WARN_UNREACHABLE_CODE = YES;
				CLANG_WARN__DUPLICATE_METHOD_MATCH = YES;
				CODE_SIGN_IDENTITY = "iPhone Developer";
				COPY_PHASE_STRIP = NO;
				DEBUG_INFORMATION_FORMAT = "dwarf-with-dsym";
				ENABLE_NS_ASSERTIONS = NO;
				ENABLE_STRICT_OBJC_MSGSEND = YES;
				GCC_C_LANGUAGE_STANDARD = gnu11;
				GCC_NO_COMMON_BLOCKS = YES;
				GCC_WARN_64_TO_32_BIT_CONVERSION = YES;
				GCC_WARN_ABOUT_RETURN_TYPE = YES_ERROR;
				GCC_WARN_UNDECLARED_SELECTOR = YES;
				GCC_WARN_UNINITIALIZED_AUTOS = YES_AGGRESSIVE;
				GCC_WARN_UNUSED_FUNCTION = YES;
				GCC_WARN_UNUSED_VARIABLE = YES;
				IPHONEOS_DEPLOYMENT_TARGET = 11.2;
				MTL_ENABLE_DEBUG_INFO = NO;
				SDKROOT = iphoneos;
				SWIFT_OPTIMIZATION_LEVEL = "-Owholemodule";
				VALIDATE_PRODUCT = YES;
			};
			name = Release;
		};
		85FFFE2F208795AC0011B20F /* Debug */ = {
			isa = XCBuildConfiguration;
			buildSettings = {
				ASSETCATALOG_COMPILER_APPICON_NAME = AppIcon;
				CODE_SIGN_STYLE = Automatic;
				INFOPLIST_FILE = "TODO List/Info.plist";
				LD_RUNPATH_SEARCH_PATHS = "$(inherited) @executable_path/Frameworks";
				PRODUCT_BUNDLE_IDENTIFIER = "szymanski.mikolaj.TODO-List";
				PRODUCT_NAME = "$(TARGET_NAME)";
				SWIFT_VERSION = 4.0;
				TARGETED_DEVICE_FAMILY = "1,2";
			};
			name = Debug;
		};
		85FFFE30208795AC0011B20F /* Release */ = {
			isa = XCBuildConfiguration;
			buildSettings = {
				ASSETCATALOG_COMPILER_APPICON_NAME = AppIcon;
				CODE_SIGN_STYLE = Automatic;
				INFOPLIST_FILE = "TODO List/Info.plist";
				LD_RUNPATH_SEARCH_PATHS = "$(inherited) @executable_path/Frameworks";
				PRODUCT_BUNDLE_IDENTIFIER = "szymanski.mikolaj.TODO-List";
				PRODUCT_NAME = "$(TARGET_NAME)";
				SWIFT_VERSION = 4.0;
				TARGETED_DEVICE_FAMILY = "1,2";
			};
			name = Release;
		};
/* End XCBuildConfiguration section */

/* Begin XCConfigurationList section */
		85FFFE17208795AB0011B20F /* Build configuration list for PBXProject "TODO List" */ = {
			isa = XCConfigurationList;
			buildConfigurations = (
				85FFFE2C208795AC0011B20F /* Debug */,
				85FFFE2D208795AC0011B20F /* Release */,
			);
			defaultConfigurationIsVisible = 0;
			defaultConfigurationName = Release;
		};
		85FFFE2E208795AC0011B20F /* Build configuration list for PBXNativeTarget "TODO List" */ = {
			isa = XCConfigurationList;
			buildConfigurations = (
				85FFFE2F208795AC0011B20F /* Debug */,
				85FFFE30208795AC0011B20F /* Release */,
			);
			defaultConfigurationIsVisible = 0;
			defaultConfigurationName = Release;
		};
/* End XCConfigurationList section */
	};
	rootObject = 85FFFE14208795AB0011B20F /* Project object */;
}
